
Microsoft Visual Studio Solution File, Format Version 12.00
# Visual Studio Version 16
VisualStudioVersion = 16.0.31911.196
MinimumVisualStudioVersion = 10.0.40219.1
Project("{FAE04EC0-301F-11D3-BF4B-00C04F79EFBC}") = "Basket", "Basket\Basket.csproj", "{B1B2CBB9-2449-4A79-A127-FB4674CE4188}"
EndProject
Global
	GlobalSection(SolutionConfigurationPlatforms) = preSolution
		Debug|Any CPU = Debug|Any CPU
		Release|Any CPU = Release|Any CPU
	EndGlobalSection
	GlobalSection(ProjectConfigurationPlatforms) = postSolution
		{B1B2CBB9-2449-4A79-A127-FB4674CE4188}.Debug|Any CPU.ActiveCfg = Debug|Any CPU
		{B1B2CBB9-2449-4A79-A127-FB4674CE4188}.Debug|Any CPU.Build.0 = Debug|Any CPU
		{B1B2CBB9-2449-4A79-A127-FB4674CE4188}.Release|Any CPU.ActiveCfg = Release|Any CPU
		{B1B2CBB9-2449-4A79-A127-FB4674CE4188}.Release|Any CPU.Build.0 = Release|Any CPU
	EndGlobalSection
	GlobalSection(SolutionProperties) = preSolution
		HideSolutionNode = FALSE
	EndGlobalSection
	GlobalSection(ExtensibilityGlobals) = postSolution
		SolutionGuid = {C688D147-BD78-4CED-8FA4-84CFA3451527}
	EndGlobalSection
EndGlobal
